
Microsoft Visual Studio Solution File, Format Version 12.00
# Visual Studio Version 16
VisualStudioVersion = 16.0.30711.63
MinimumVisualStudioVersion = 15.0.26124.0
Project("{9A19103F-16F7-4668-BE54-9A1E7A4F7556}") = "BattleshipGame.ConsoleApp", "BattleshipGame.ConsoleApp\BattleshipGame.ConsoleApp.csproj", "{A1F08D48-4383-4BCB-9DCA-01718B6B9CEC}"
EndProject
Project("{9A19103F-16F7-4668-BE54-9A1E7A4F7556}") = "BattleshipGame.Engine.Tests", "BattleshipGame.Engine.Tests\BattleshipGame.Engine.Tests.csproj", "{61B1FF31-7C6F-4900-98A2-03FC2B48A1E2}"
EndProject
Project("{9A19103F-16F7-4668-BE54-9A1E7A4F7556}") = "BattleshipGame.Engine", "BattleshipGame.Engine\BattleshipGame.Engine.csproj", "{1E0DEA15-E34D-45E2-B423-B3599A163F4E}"
EndProject
Global
	GlobalSection(SolutionConfigurationPlatforms) = preSolution
		Debug|Any CPU = Debug|Any CPU
		Debug|x64 = Debug|x64
		Debug|x86 = Debug|x86
		Release|Any CPU = Release|Any CPU
		Release|x64 = Release|x64
		Release|x86 = Release|x86
	EndGlobalSection
	GlobalSection(ProjectConfigurationPlatforms) = postSolution
		{A1F08D48-4383-4BCB-9DCA-01718B6B9CEC}.Debug|Any CPU.ActiveCfg = Debug|Any CPU
		{A1F08D48-4383-4BCB-9DCA-01718B6B9CEC}.Debug|Any CPU.Build.0 = Debug|Any CPU
		{A1F08D48-4383-4BCB-9DCA-01718B6B9CEC}.Debug|x64.ActiveCfg = Debug|Any CPU
		{A1F08D48-4383-4BCB-9DCA-01718B6B9CEC}.Debug|x64.Build.0 = Debug|Any CPU
		{A1F08D48-4383-4BCB-9DCA-01718B6B9CEC}.Debug|x86.ActiveCfg = Debug|Any CPU
		{A1F08D48-4383-4BCB-9DCA-01718B6B9CEC}.Debug|x86.Build.0 = Debug|Any CPU
		{A1F08D48-4383-4BCB-9DCA-01718B6B9CEC}.Release|Any CPU.ActiveCfg = Release|Any CPU
		{A1F08D48-4383-4BCB-9DCA-01718B6B9CEC}.Release|Any CPU.Build.0 = Release|Any CPU
		{A1F08D48-4383-4BCB-9DCA-01718B6B9CEC}.Release|x64.ActiveCfg = Release|Any CPU
		{A1F08D48-4383-4BCB-9DCA-01718B6B9CEC}.Release|x64.Build.0 = Release|Any CPU
		{A1F08D48-4383-4BCB-9DCA-01718B6B9CEC}.Release|x86.ActiveCfg = Release|Any CPU
		{A1F08D48-4383-4BCB-9DCA-01718B6B9CEC}.Release|x86.Build.0 = Release|Any CPU
		{61B1FF31-7C6F-4900-98A2-03FC2B48A1E2}.Debug|Any CPU.ActiveCfg = Debug|Any CPU
		{61B1FF31-7C6F-4900-98A2-03FC2B48A1E2}.Debug|Any CPU.Build.0 = Debug|Any CPU
		{61B1FF31-7C6F-4900-98A2-03FC2B48A1E2}.Debug|x64.ActiveCfg = Debug|Any CPU
		{61B1FF31-7C6F-4900-98A2-03FC2B48A1E2}.Debug|x64.Build.0 = Debug|Any CPU
		{61B1FF31-7C6F-4900-98A2-03FC2B48A1E2}.Debug|x86.ActiveCfg = Debug|Any CPU
		{61B1FF31-7C6F-4900-98A2-03FC2B48A1E2}.Debug|x86.Build.0 = Debug|Any CPU
		{61B1FF31-7C6F-4900-98A2-03FC2B48A1E2}.Release|Any CPU.ActiveCfg = Release|Any CPU
		{61B1FF31-7C6F-4900-98A2-03FC2B48A1E2}.Release|Any CPU.Build.0 = Release|Any CPU
		{61B1FF31-7C6F-4900-98A2-03FC2B48A1E2}.Release|x64.ActiveCfg = Release|Any CPU
		{61B1FF31-7C6F-4900-98A2-03FC2B48A1E2}.Release|x64.Build.0 = Release|Any CPU
		{61B1FF31-7C6F-4900-98A2-03FC2B48A1E2}.Release|x86.ActiveCfg = Release|Any CPU
		{61B1FF31-7C6F-4900-98A2-03FC2B48A1E2}.Release|x86.Build.0 = Release|Any CPU
		{1E0DEA15-E34D-45E2-B423-B3599A163F4E}.Debug|Any CPU.ActiveCfg = Debug|Any CPU
		{1E0DEA15-E34D-45E2-B423-B3599A163F4E}.Debug|Any CPU.Build.0 = Debug|Any CPU
		{1E0DEA15-E34D-45E2-B423-B3599A163F4E}.Debug|x64.ActiveCfg = Debug|Any CPU
		{1E0DEA15-E34D-45E2-B423-B3599A163F4E}.Debug|x64.Build.0 = Debug|Any CPU
		{1E0DEA15-E34D-45E2-B423-B3599A163F4E}.Debug|x86.ActiveCfg = Debug|Any CPU
		{1E0DEA15-E34D-45E2-B423-B3599A163F4E}.Debug|x86.Build.0 = Debug|Any CPU
		{1E0DEA15-E34D-45E2-B423-B3599A163F4E}.Release|Any CPU.ActiveCfg = Release|Any CPU
		{1E0DEA15-E34D-45E2-B423-B3599A163F4E}.Release|Any CPU.Build.0 = Release|Any CPU
		{1E0DEA15-E34D-45E2-B423-B3599A163F4E}.Release|x64.ActiveCfg = Release|Any CPU
		{1E0DEA15-E34D-45E2-B423-B3599A163F4E}.Release|x64.Build.0 = Release|Any CPU
		{1E0DEA15-E34D-45E2-B423-B3599A163F4E}.Release|x86.ActiveCfg = Release|Any CPU
		{1E0DEA15-E34D-45E2-B423-B3599A163F4E}.Release|x86.Build.0 = Release|Any CPU
	EndGlobalSection
	GlobalSection(SolutionProperties) = preSolution
		HideSolutionNode = FALSE
	EndGlobalSection
	GlobalSection(ExtensibilityGlobals) = postSolution
		SolutionGuid = {D9CB45BE-BFC3-4359-B5D6-3CDF1A435B80}
	EndGlobalSection
EndGlobal
